// !$*UTF8*$!
{
	archiveVersion = 1;
	classes = {
	};
	objectVersion = 56;
	objects = {

/* Begin PBXBuildFile section */
		CF66587E2F0430BB00675713 /* MartianGrotesk-CnBd.ttf in Resources */ = {isa = PBXBuildFile; fileRef = CF6658792F0430BB00675713 /* MartianGrotesk-CnBd.ttf */; };
		CF66587F2F0430BB00675713 /* MartianGrotesk-StdBd.ttf in Resources */ = {isa = PBXBuildFile; fileRef = CF6658732F0430BB00675713 /* MartianGrotesk-StdBd.ttf */; };
		CF6658802F0430BB00675713 /* MartianGrotesk-StdLt.ttf in Resources */ = {isa = PBXBuildFile; fileRef = CF6658742F0430BB00675713 /* MartianGrotesk-StdLt.ttf */; };
		CF6658812F0430BB00675713 /* MartianGrotesk-CnLt.ttf in Resources */ = {isa = PBXBuildFile; fileRef = CF66587A2F0430BB00675713 /* MartianGrotesk-CnLt.ttf */; };
		CF6658822F0430BB00675713 /* MartianGrotesk-StdRg.ttf in Resources */ = {isa = PBXBuildFile; fileRef = CF6658762F0430BB00675713 /* MartianGrotesk-StdRg.ttf */; };
		CF6658832F0430BB00675713 /* MartianGrotesk-CnMd.ttf in Resources */ = {isa = PBXBuildFile; fileRef = CF66587B2F0430BB00675713 /* MartianGrotesk-CnMd.ttf */; };
		CF6658842F0430BB00675713 /* MartianGrotesk-CnRg.ttf in Resources */ = {isa = PBXBuildFile; fileRef = CF66587C2F0430BB00675713 /* MartianGrotesk-CnRg.ttf */; };
		CF6658852F0430BB00675713 /* MartianMono-Regular.ttf in Resources */ = {isa = PBXBuildFile; fileRef = CF6658772F0430BB00675713 /* MartianMono-Regular.ttf */; };
		CF6658862F0430BB00675713 /* MartianMono-Bold.ttf in Resources */ = {isa = PBXBuildFile; fileRef = CF6658782F0430BB00675713 /* MartianMono-Bold.ttf */; };
		CF6658872F0430BB00675713 /* MartianGrotesk-StdMd.ttf in Resources */ = {isa = PBXBuildFile; fileRef = CF6658752F0430BB00675713 /* MartianGrotesk-StdMd.ttf */; };
		CF66588A2F0431D500675713 /* TrainingModel.swift in Sources */ = {isa = PBXBuildFile; fileRef = CF6658892F0431D000675713 /* TrainingModel.swift */; };
		CF66588C2F0432B300675713 /* ExerciseModel.swift in Sources */ = {isa = PBXBuildFile; fileRef = CF66588B2F0432B000675713 /* ExerciseModel.swift */; };
		CF66588E2F04343200675713 /* Theme.swift in Sources */ = {isa = PBXBuildFile; fileRef = CF66588D2F04343000675713 /* Theme.swift */; };
		CF6658902F0437D900675713 /* AddExerciseSheet.swift in Sources */ = {isa = PBXBuildFile; fileRef = CF66588F2F0437C100675713 /* AddExerciseSheet.swift */; };
		CF9240F42B9DD2F7008A968D /* GustavWeightsApp.swift in Sources */ = {isa = PBXBuildFile; fileRef = CF9240F32B9DD2F7008A968D /* GustavWeightsApp.swift */; };
		CF9240F62B9DD2F7008A968D /* ContentView.swift in Sources */ = {isa = PBXBuildFile; fileRef = CF9240F52B9DD2F7008A968D /* ContentView.swift */; };
		CF9240F82B9DD2F8008A968D /* Assets.xcassets in Resources */ = {isa = PBXBuildFile; fileRef = CF9240F72B9DD2F8008A968D /* Assets.xcassets */; };
		CF9240FB2B9DD2F8008A968D /* Preview Assets.xcassets in Resources */ = {isa = PBXBuildFile; fileRef = CF9240FA2B9DD2F8008A968D /* Preview Assets.xcassets */; };
/* End PBXBuildFile section */

/* Begin PBXFileReference section */
		CF6658732F0430BB00675713 /* MartianGrotesk-StdBd.ttf */ = {isa = PBXFileReference; lastKnownFileType = file; path = "MartianGrotesk-StdBd.ttf"; sourceTree = "<group>"; };
		CF6658742F0430BB00675713 /* MartianGrotesk-StdLt.ttf */ = {isa = PBXFileReference; lastKnownFileType = file; path = "MartianGrotesk-StdLt.ttf"; sourceTree = "<group>"; };
		CF6658752F0430BB00675713 /* MartianGrotesk-StdMd.ttf */ = {isa = PBXFileReference; lastKnownFileType = file; path = "MartianGrotesk-StdMd.ttf"; sourceTree = "<group>"; };
		CF6658762F0430BB00675713 /* MartianGrotesk-StdRg.ttf */ = {isa = PBXFileReference; lastKnownFileType = file; path = "MartianGrotesk-StdRg.ttf"; sourceTree = "<group>"; };
		CF6658772F0430BB00675713 /* MartianMono-Regular.ttf */ = {isa = PBXFileReference; lastKnownFileType = file; path = "MartianMono-Regular.ttf"; sourceTree = "<group>"; };
		CF6658782F0430BB00675713 /* MartianMono-Bold.ttf */ = {isa = PBXFileReference; lastKnownFileType = file; path = "MartianMono-Bold.ttf"; sourceTree = "<group>"; };
		CF6658792F0430BB00675713 /* MartianGrotesk-CnBd.ttf */ = {isa = PBXFileReference; lastKnownFileType = file; path = "MartianGrotesk-CnBd.ttf"; sourceTree = "<group>"; };
		CF66587A2F0430BB00675713 /* MartianGrotesk-CnLt.ttf */ = {isa = PBXFileReference; lastKnownFileType = file; path = "MartianGrotesk-CnLt.ttf"; sourceTree = "<group>"; };
		CF66587B2F0430BB00675713 /* MartianGrotesk-CnMd.ttf */ = {isa = PBXFileReference; lastKnownFileType = file; path = "MartianGrotesk-CnMd.ttf"; sourceTree = "<group>"; };
		CF66587C2F0430BB00675713 /* MartianGrotesk-CnRg.ttf */ = {isa = PBXFileReference; lastKnownFileType = file; path = "MartianGrotesk-CnRg.ttf"; sourceTree = "<group>"; };
		CF6658892F0431D000675713 /* TrainingModel.swift */ = {isa = PBXFileReference; lastKnownFileType = sourcecode.swift; path = TrainingModel.swift; sourceTree = "<group>"; };
		CF66588B2F0432B000675713 /* ExerciseModel.swift */ = {isa = PBXFileReference; lastKnownFileType = sourcecode.swift; path = ExerciseModel.swift; sourceTree = "<group>"; };
		CF66588D2F04343000675713 /* Theme.swift */ = {isa = PBXFileReference; lastKnownFileType = sourcecode.swift; path = Theme.swift; sourceTree = "<group>"; };
		CF66588F2F0437C100675713 /* AddExerciseSheet.swift */ = {isa = PBXFileReference; lastKnownFileType = sourcecode.swift; path = AddExerciseSheet.swift; sourceTree = "<group>"; };
		CF9240F02B9DD2F7008A968D /* GustavWeights.app */ = {isa = PBXFileReference; explicitFileType = wrapper.application; includeInIndex = 0; path = GustavWeights.app; sourceTree = BUILT_PRODUCTS_DIR; };
		CF9240F32B9DD2F7008A968D /* GustavWeightsApp.swift */ = {isa = PBXFileReference; lastKnownFileType = sourcecode.swift; path = GustavWeightsApp.swift; sourceTree = "<group>"; };
		CF9240F52B9DD2F7008A968D /* ContentView.swift */ = {isa = PBXFileReference; lastKnownFileType = sourcecode.swift; path = ContentView.swift; sourceTree = "<group>"; };
		CF9240F72B9DD2F8008A968D /* Assets.xcassets */ = {isa = PBXFileReference; lastKnownFileType = folder.assetcatalog; path = Assets.xcassets; sourceTree = "<group>"; };
		CF9240FA2B9DD2F8008A968D /* Preview Assets.xcassets */ = {isa = PBXFileReference; lastKnownFileType = folder.assetcatalog; path = "Preview Assets.xcassets"; sourceTree = "<group>"; };
		CFE8593F2BA239E6001C3A09 /* Info.plist */ = {isa = PBXFileReference; lastKnownFileType = text.plist; path = Info.plist; sourceTree = "<group>"; };
/* End PBXFileReference section */

/* Begin PBXFrameworksBuildPhase section */
		CF9240ED2B9DD2F7008A968D /* Frameworks */ = {
			isa = PBXFrameworksBuildPhase;
			buildActionMask = 2147483647;
			files = (
			);
			runOnlyForDeploymentPostprocessing = 0;
		};
/* End PBXFrameworksBuildPhase section */

/* Begin PBXGroup section */
		CF00F4672BA61F2D0012826C /* Models */ = {
			isa = PBXGroup;
			children = (
				CF66588B2F0432B000675713 /* ExerciseModel.swift */,
				CF6658892F0431D000675713 /* TrainingModel.swift */,
			);
			path = Models;
			sourceTree = "<group>";
		};
		CF66587D2F0430BB00675713 /* Fonts */ = {
			isa = PBXGroup;
			children = (
				CF6658732F0430BB00675713 /* MartianGrotesk-StdBd.ttf */,
				CF6658742F0430BB00675713 /* MartianGrotesk-StdLt.ttf */,
				CF6658752F0430BB00675713 /* MartianGrotesk-StdMd.ttf */,
				CF6658762F0430BB00675713 /* MartianGrotesk-StdRg.ttf */,
				CF6658772F0430BB00675713 /* MartianMono-Regular.ttf */,
				CF6658782F0430BB00675713 /* MartianMono-Bold.ttf */,
				CF6658792F0430BB00675713 /* MartianGrotesk-CnBd.ttf */,
				CF66587A2F0430BB00675713 /* MartianGrotesk-CnLt.ttf */,
				CF66587B2F0430BB00675713 /* MartianGrotesk-CnMd.ttf */,
				CF66587C2F0430BB00675713 /* MartianGrotesk-CnRg.ttf */,
			);
			path = Fonts;
			sourceTree = "<group>";
		};
		CF9240E72B9DD2F7008A968D = {
			isa = PBXGroup;
			children = (
				CF9240F22B9DD2F7008A968D /* GustavWeights */,
				CF9240F12B9DD2F7008A968D /* Products */,
			);
			sourceTree = "<group>";
		};
		CF9240F12B9DD2F7008A968D /* Products */ = {
			isa = PBXGroup;
			children = (
				CF9240F02B9DD2F7008A968D /* GustavWeights.app */,
			);
			name = Products;
			sourceTree = "<group>";
		};
		CF9240F22B9DD2F7008A968D /* GustavWeights */ = {
			isa = PBXGroup;
			children = (
				CF66588F2F0437C100675713 /* AddExerciseSheet.swift */,
				CF66588D2F04343000675713 /* Theme.swift */,
				CF66587D2F0430BB00675713 /* Fonts */,
				CF00F4672BA61F2D0012826C /* Models */,
				CFE8593F2BA239E6001C3A09 /* Info.plist */,
				CF9240F32B9DD2F7008A968D /* GustavWeightsApp.swift */,
				CF9240F52B9DD2F7008A968D /* ContentView.swift */,
				CF9240F72B9DD2F8008A968D /* Assets.xcassets */,
				CF9240F92B9DD2F8008A968D /* Preview Content */,
			);
			path = GustavWeights;
			sourceTree = "<group>";
		};
		CF9240F92B9DD2F8008A968D /* Preview Content */ = {
			isa = PBXGroup;
			children = (
				CF9240FA2B9DD2F8008A968D /* Preview Assets.xcassets */,
			);
			path = "Preview Content";
			sourceTree = "<group>";
		};
/* End PBXGroup section */

/* Begin PBXNativeTarget section */
		CF9240EF2B9DD2F7008A968D /* GustavWeights */ = {
			isa = PBXNativeTarget;
			buildConfigurationList = CF9240FE2B9DD2F8008A968D /* Build configuration list for PBXNativeTarget "GustavWeights" */;
			buildPhases = (
				CF9240EC2B9DD2F7008A968D /* Sources */,
				CF9240ED2B9DD2F7008A968D /* Frameworks */,
				CF9240EE2B9DD2F7008A968D /* Resources */,
			);
			buildRules = (
			);
			dependencies = (
			);
			name = GustavWeights;
			productName = GustavWeights;
			productReference = CF9240F02B9DD2F7008A968D /* GustavWeights.app */;
			productType = "com.apple.product-type.application";
		};
/* End PBXNativeTarget section */

/* Begin PBXProject section */
		CF9240E82B9DD2F7008A968D /* Project object */ = {
			isa = PBXProject;
			attributes = {
				BuildIndependentTargetsInParallel = 1;
				LastSwiftUpdateCheck = 1530;
				LastUpgradeCheck = 1530;
				TargetAttributes = {
					CF9240EF2B9DD2F7008A968D = {
						CreatedOnToolsVersion = 15.3;
					};
				};
			};
			buildConfigurationList = CF9240EB2B9DD2F7008A968D /* Build configuration list for PBXProject "GustavWeights" */;
			compatibilityVersion = "Xcode 14.0";
			developmentRegion = en;
			hasScannedForEncodings = 0;
			knownRegions = (
				en,
				Base,
			);
			mainGroup = CF9240E72B9DD2F7008A968D;
			productRefGroup = CF9240F12B9DD2F7008A968D /* Products */;
			projectDirPath = "";
			projectRoot = "";
			targets = (
				CF9240EF2B9DD2F7008A968D /* GustavWeights */,
			);
		};
/* End PBXProject section */

/* Begin PBXResourcesBuildPhase section */
		CF9240EE2B9DD2F7008A968D /* Resources */ = {
			isa = PBXResourcesBuildPhase;
			buildActionMask = 2147483647;
			files = (
				CF9240FB2B9DD2F8008A968D /* Preview Assets.xcassets in Resources */,
				CF66587E2F0430BB00675713 /* MartianGrotesk-CnBd.ttf in Resources */,
				CF66587F2F0430BB00675713 /* MartianGrotesk-StdBd.ttf in Resources */,
				CF6658802F0430BB00675713 /* MartianGrotesk-StdLt.ttf in Resources */,
				CF6658812F0430BB00675713 /* MartianGrotesk-CnLt.ttf in Resources */,
				CF6658822F0430BB00675713 /* MartianGrotesk-StdRg.ttf in Resources */,
				CF6658832F0430BB00675713 /* MartianGrotesk-CnMd.ttf in Resources */,
				CF6658842F0430BB00675713 /* MartianGrotesk-CnRg.ttf in Resources */,
				CF6658852F0430BB00675713 /* MartianMono-Regular.ttf in Resources */,
				CF6658862F0430BB00675713 /* MartianMono-Bold.ttf in Resources */,
				CF6658872F0430BB00675713 /* MartianGrotesk-StdMd.ttf in Resources */,
				CF9240F82B9DD2F8008A968D /* Assets.xcassets in Resources */,
			);
			runOnlyForDeploymentPostprocessing = 0;
		};
/* End PBXResourcesBuildPhase section */

/* Begin PBXSourcesBuildPhase section */
		CF9240EC2B9DD2F7008A968D /* Sources */ = {
			isa = PBXSourcesBuildPhase;
			buildActionMask = 2147483647;
			files = (
				CF9240F62B9DD2F7008A968D /* ContentView.swift in Sources */,
				CF6658902F0437D900675713 /* AddExerciseSheet.swift in Sources */,
				CF66588A2F0431D500675713 /* TrainingModel.swift in Sources */,
				CF66588E2F04343200675713 /* Theme.swift in Sources */,
				CF9240F42B9DD2F7008A968D /* GustavWeightsApp.swift in Sources */,
				CF66588C2F0432B300675713 /* ExerciseModel.swift in Sources */,
			);
			runOnlyForDeploymentPostprocessing = 0;
		};
/* End PBXSourcesBuildPhase section */

/* Begin XCBuildConfiguration section */
		CF9240FC2B9DD2F8008A968D /* Debug */ = {
			isa = XCBuildConfiguration;
			buildSettings = {
				ALWAYS_SEARCH_USER_PATHS = NO;
				ASSETCATALOG_COMPILER_GENERATE_SWIFT_ASSET_SYMBOL_EXTENSIONS = YES;
				CLANG_ANALYZER_NONNULL = YES;
				CLANG_ANALYZER_NUMBER_OBJECT_CONVERSION = YES_AGGRESSIVE;
				CLANG_CXX_LANGUAGE_STANDARD = "gnu++20";
				CLANG_ENABLE_MODULES = YES;
				CLANG_ENABLE_OBJC_ARC = YES;
				CLANG_ENABLE_OBJC_WEAK = YES;
				CLANG_WARN_BLOCK_CAPTURE_AUTORELEASING = YES;
				CLANG_WARN_BOOL_CONVERSION = YES;
				CLANG_WARN_COMMA = YES;
				CLANG_WARN_CONSTANT_CONVERSION = YES;
				CLANG_WARN_DEPRECATED_OBJC_IMPLEMENTATIONS = YES;
				CLANG_WARN_DIRECT_OBJC_ISA_USAGE = YES_ERROR;
				CLANG_WARN_DOCUMENTATION_COMMENTS = YES;
				CLANG_WARN_EMPTY_BODY = YES;
				CLANG_WARN_ENUM_CONVERSION = YES;
				CLANG_WARN_INFINITE_RECURSION = YES;
				CLANG_WARN_INT_CONVERSION = YES;
				CLANG_WARN_NON_LITERAL_NULL_CONVERSION = YES;
				CLANG_WARN_OBJC_IMPLICIT_RETAIN_SELF = YES;
				CLANG_WARN_OBJC_LITERAL_CONVERSION = YES;
				CLANG_WARN_OBJC_ROOT_CLASS = YES_ERROR;
				CLANG_WARN_QUOTED_INCLUDE_IN_FRAMEWORK_HEADER = YES;
				CLANG_WARN_RANGE_LOOP_ANALYSIS = YES;
				CLANG_WARN_STRICT_PROTOTYPES = YES;
				CLANG_WARN_SUSPICIOUS_MOVE = YES;
				CLANG_WARN_UNGUARDED_AVAILABILITY = YES_AGGRESSIVE;
				CLANG_WARN_UNREACHABLE_CODE = YES;
				CLANG_WARN__DUPLICATE_METHOD_MATCH = YES;
				COPY_PHASE_STRIP = NO;
				DEBUG_INFORMATION_FORMAT = dwarf;
				ENABLE_STRICT_OBJC_MSGSEND = YES;
				ENABLE_TESTABILITY = YES;
				ENABLE_USER_SCRIPT_SANDBOXING = YES;
				GCC_C_LANGUAGE_STANDARD = gnu17;
				GCC_DYNAMIC_NO_PIC = NO;
				GCC_NO_COMMON_BLOCKS = YES;
				GCC_OPTIMIZATION_LEVEL = 0;
				GCC_PREPROCESSOR_DEFINITIONS = (
					"DEBUG=1",
					"$(inherited)",
				);
				GCC_WARN_64_TO_32_BIT_CONVERSION = YES;
				GCC_WARN_ABOUT_RETURN_TYPE = YES_ERROR;
				GCC_WARN_UNDECLARED_SELECTOR = YES;
				GCC_WARN_UNINITIALIZED_AUTOS = YES_AGGRESSIVE;
				GCC_WARN_UNUSED_FUNCTION = YES;
				GCC_WARN_UNUSED_VARIABLE = YES;
				IPHONEOS_DEPLOYMENT_TARGET = 17.4;
				LOCALIZATION_PREFERS_STRING_CATALOGS = YES;
				MTL_ENABLE_DEBUG_INFO = INCLUDE_SOURCE;
				MTL_FAST_MATH = YES;
				ONLY_ACTIVE_ARCH = YES;
				SDKROOT = iphoneos;
				SWIFT_ACTIVE_COMPILATION_CONDITIONS = "DEBUG $(inherited)";
				SWIFT_OPTIMIZATION_LEVEL = "-Onone";
			};
			name = Debug;
		};
		CF9240FD2B9DD2F8008A968D /* Release */ = {
			isa = XCBuildConfiguration;
			buildSettings = {
				ALWAYS_SEARCH_USER_PATHS = NO;
				ASSETCATALOG_COMPILER_GENERATE_SWIFT_ASSET_SYMBOL_EXTENSIONS = YES;
				CLANG_ANALYZER_NONNULL = YES;
				CLANG_ANALYZER_NUMBER_OBJECT_CONVERSION = YES_AGGRESSIVE;
				CLANG_CXX_LANGUAGE_STANDARD = "gnu++20";
				CLANG_ENABLE_MODULES = YES;
				CLANG_ENABLE_OBJC_ARC = YES;
				CLANG_ENABLE_OBJC_WEAK = YES;
				CLANG_WARN_BLOCK_CAPTURE_AUTORELEASING = YES;
				CLANG_WARN_BOOL_CONVERSION = YES;
				CLANG_WARN_COMMA = YES;
				CLANG_WARN_CONSTANT_CONVERSION = YES;
				CLANG_WARN_DEPRECATED_OBJC_IMPLEMENTATIONS = YES;
				CLANG_WARN_DIRECT_OBJC_ISA_USAGE = YES_ERROR;
				CLANG_WARN_DOCUMENTATION_COMMENTS = YES;
				CLANG_WARN_EMPTY_BODY = YES;
				CLANG_WARN_ENUM_CONVERSION = YES;
				CLANG_WARN_INFINITE_RECURSION = YES;
				CLANG_WARN_INT_CONVERSION = YES;
				CLANG_WARN_NON_LITERAL_NULL_CONVERSION = YES;
				CLANG_WARN_OBJC_IMPLICIT_RETAIN_SELF = YES;
				CLANG_WARN_OBJC_LITERAL_CONVERSION = YES;
				CLANG_WARN_OBJC_ROOT_CLASS = YES_ERROR;
				CLANG_WARN_QUOTED_INCLUDE_IN_FRAMEWORK_HEADER = YES;
				CLANG_WARN_RANGE_LOOP_ANALYSIS = YES;
				CLANG_WARN_STRICT_PROTOTYPES = YES;
				CLANG_WARN_SUSPICIOUS_MOVE = YES;
				CLANG_WARN_UNGUARDED_AVAILABILITY = YES_AGGRESSIVE;
				CLANG_WARN_UNREACHABLE_CODE = YES;
				CLANG_WARN__DUPLICATE_METHOD_MATCH = YES;
				COPY_PHASE_STRIP = NO;
				DEBUG_INFORMATION_FORMAT = "dwarf-with-dsym";
				ENABLE_NS_ASSERTIONS = NO;
				ENABLE_STRICT_OBJC_MSGSEND = YES;
				ENABLE_USER_SCRIPT_SANDBOXING = YES;
				GCC_C_LANGUAGE_STANDARD = gnu17;
				GCC_NO_COMMON_BLOCKS = YES;
				GCC_WARN_64_TO_32_BIT_CONVERSION = YES;
				GCC_WARN_ABOUT_RETURN_TYPE = YES_ERROR;
				GCC_WARN_UNDECLARED_SELECTOR = YES;
				GCC_WARN_UNINITIALIZED_AUTOS = YES_AGGRESSIVE;
				GCC_WARN_UNUSED_FUNCTION = YES;
				GCC_WARN_UNUSED_VARIABLE = YES;
				IPHONEOS_DEPLOYMENT_TARGET = 17.4;
				LOCALIZATION_PREFERS_STRING_CATALOGS = YES;
				MTL_ENABLE_DEBUG_INFO = NO;
				MTL_FAST_MATH = YES;
				SDKROOT = iphoneos;
				SWIFT_COMPILATION_MODE = wholemodule;
				VALIDATE_PRODUCT = YES;
			};
			name = Release;
		};
		CF9240FF2B9DD2F8008A968D /* Debug */ = {
			isa = XCBuildConfiguration;
			buildSettings = {
				ASSETCATALOG_COMPILER_APPICON_NAME = AppIcon;
				ASSETCATALOG_COMPILER_GLOBAL_ACCENT_COLOR_NAME = AccentColor;
				CODE_SIGN_STYLE = Automatic;
				CURRENT_PROJECT_VERSION = 1;
				DEVELOPMENT_ASSET_PATHS = "\"GustavWeights/Preview Content\"";
				DEVELOPMENT_TEAM = BY8G7HDNPV;
				ENABLE_PREVIEWS = YES;
				GENERATE_INFOPLIST_FILE = YES;
				INFOPLIST_FILE = GustavWeights/Info.plist;
				INFOPLIST_KEY_CFBundleDisplayName = "Gustav Weights";
				INFOPLIST_KEY_LSApplicationCategoryType = "public.app-category.healthcare-fitness";
				INFOPLIST_KEY_UIApplicationSceneManifest_Generation = YES;
				INFOPLIST_KEY_UIApplicationSupportsIndirectInputEvents = YES;
				INFOPLIST_KEY_UILaunchScreen_Generation = YES;
				INFOPLIST_KEY_UISupportedInterfaceOrientations = UIInterfaceOrientationPortrait;
				INFOPLIST_KEY_UISupportedInterfaceOrientations_iPad = "UIInterfaceOrientationPortrait UIInterfaceOrientationPortraitUpsideDown";
				LD_RUNPATH_SEARCH_PATHS = (
					"$(inherited)",
					"@executable_path/Frameworks",
				);
				MARKETING_VERSION = 1;
				PRODUCT_BUNDLE_IDENTIFIER = cz.daliborjanecek.GustavWeights;
				PRODUCT_NAME = "$(TARGET_NAME)";
				SUPPORTED_PLATFORMS = "iphoneos iphonesimulator";
				SUPPORTS_MACCATALYST = NO;
				SUPPORTS_MAC_DESIGNED_FOR_IPHONE_IPAD = NO;
				SUPPORTS_XR_DESIGNED_FOR_IPHONE_IPAD = NO;
				SWIFT_EMIT_LOC_STRINGS = YES;
				SWIFT_VERSION = 5.0;
				TARGETED_DEVICE_FAMILY = 1;
			};
			name = Debug;
		};
		CF9241002B9DD2F8008A968D /* Release */ = {
			isa = XCBuildConfiguration;
			buildSettings = {
				ASSETCATALOG_COMPILER_APPICON_NAME = AppIcon;
				ASSETCATALOG_COMPILER_GLOBAL_ACCENT_COLOR_NAME = AccentColor;
				CODE_SIGN_STYLE = Automatic;
				CURRENT_PROJECT_VERSION = 1;
				DEVELOPMENT_ASSET_PATHS = "\"GustavWeights/Preview Content\"";
				DEVELOPMENT_TEAM = BY8G7HDNPV;
				ENABLE_PREVIEWS = YES;
				GENERATE_INFOPLIST_FILE = YES;
				INFOPLIST_FILE = GustavWeights/Info.plist;
				INFOPLIST_KEY_CFBundleDisplayName = "Gustav Weights";
				INFOPLIST_KEY_LSApplicationCategoryType = "public.app-category.healthcare-fitness";
				INFOPLIST_KEY_UIApplicationSceneManifest_Generation = YES;
				INFOPLIST_KEY_UIApplicationSupportsIndirectInputEvents = YES;
				INFOPLIST_KEY_UILaunchScreen_Generation = YES;
				INFOPLIST_KEY_UISupportedInterfaceOrientations = UIInterfaceOrientationPortrait;
				INFOPLIST_KEY_UISupportedInterfaceOrientations_iPad = "UIInterfaceOrientationPortrait UIInterfaceOrientationPortraitUpsideDown";
				LD_RUNPATH_SEARCH_PATHS = (
					"$(inherited)",
					"@executable_path/Frameworks",
				);
				MARKETING_VERSION = 1;
				PRODUCT_BUNDLE_IDENTIFIER = cz.daliborjanecek.GustavWeights;
				PRODUCT_NAME = "$(TARGET_NAME)";
				SUPPORTED_PLATFORMS = "iphoneos iphonesimulator";
				SUPPORTS_MACCATALYST = NO;
				SUPPORTS_MAC_DESIGNED_FOR_IPHONE_IPAD = NO;
				SUPPORTS_XR_DESIGNED_FOR_IPHONE_IPAD = NO;
				SWIFT_EMIT_LOC_STRINGS = YES;
				SWIFT_VERSION = 5.0;
				TARGETED_DEVICE_FAMILY = 1;
			};
			name = Release;
		};
/* End XCBuildConfiguration section */

/* Begin XCConfigurationList section */
		CF9240EB2B9DD2F7008A968D /* Build configuration list for PBXProject "GustavWeights" */ = {
			isa = XCConfigurationList;
			buildConfigurations = (
				CF9240FC2B9DD2F8008A968D /* Debug */,
				CF9240FD2B9DD2F8008A968D /* Release */,
			);
			defaultConfigurationIsVisible = 0;
			defaultConfigurationName = Release;
		};
		CF9240FE2B9DD2F8008A968D /* Build configuration list for PBXNativeTarget "GustavWeights" */ = {
			isa = XCConfigurationList;
			buildConfigurations = (
				CF9240FF2B9DD2F8008A968D /* Debug */,
				CF9241002B9DD2F8008A968D /* Release */,
			);
			defaultConfigurationIsVisible = 0;
			defaultConfigurationName = Release;
		};
/* End XCConfigurationList section */
	};
	rootObject = CF9240E82B9DD2F7008A968D /* Project object */;
}
